
Microsoft Visual Studio Solution File, Format Version 12.00
# Visual Studio Version 17
VisualStudioVersion = 17.1.32210.238
MinimumVisualStudioVersion = 10.0.40219.1
Project("{FAE04EC0-301F-11D3-BF4B-00C04F79EFBC}") = "Student Grade System", "Student Grade System\Student Grade System.csproj", "{9FE15CFA-A724-432E-B318-A26D2FBB4F6D}"
EndProject
Global
	GlobalSection(SolutionConfigurationPlatforms) = preSolution
		Debug|Any CPU = Debug|Any CPU
		Release|Any CPU = Release|Any CPU
	EndGlobalSection
	GlobalSection(ProjectConfigurationPlatforms) = postSolution
		{9FE15CFA-A724-432E-B318-A26D2FBB4F6D}.Debug|Any CPU.ActiveCfg = Debug|Any CPU
		{9FE15CFA-A724-432E-B318-A26D2FBB4F6D}.Debug|Any CPU.Build.0 = Debug|Any CPU
		{9FE15CFA-A724-432E-B318-A26D2FBB4F6D}.Release|Any CPU.ActiveCfg = Release|Any CPU
		{9FE15CFA-A724-432E-B318-A26D2FBB4F6D}.Release|Any CPU.Build.0 = Release|Any CPU
	EndGlobalSection
	GlobalSection(SolutionProperties) = preSolution
		HideSolutionNode = FALSE
	EndGlobalSection
	GlobalSection(ExtensibilityGlobals) = postSolution
		SolutionGuid = {7F658041-1EA1-4D84-8FCF-1FD0F2C069DD}
	EndGlobalSection
EndGlobal
